
Microsoft Visual Studio Solution File, Format Version 12.00
# Visual Studio 15
VisualStudioVersion = 15.0.26430.12
MinimumVisualStudioVersion = 10.0.40219.1
Project("{FAE04EC0-301F-11D3-BF4B-00C04F79EFBC}") = "MPMFEVRP", "MPMFEVRP\MPMFEVRP.csproj", "{D030B923-6C97-4736-AC2C-73C6F6F3639A}"
EndProject
Project("{FAE04EC0-301F-11D3-BF4B-00C04F79EFBC}") = "Instance Generation", "File Management\Instance Generation.csproj", "{72B5A283-6F39-4AE0-9349-32123D7BF2E2}"
EndProject
Project("{FAE04EC0-301F-11D3-BF4B-00C04F79EFBC}") = "EVvsGDVFrontierAnalyzer", "EVvsGDVFrontierAnalyzer\EVvsGDVFrontierAnalyzer.csproj", "{F74C7303-9A64-42B8-8DC4-8E97CE111E26}"
EndProject
Global
	GlobalSection(SolutionConfigurationPlatforms) = preSolution
		Debug|Any CPU = Debug|Any CPU
		Debug|x64 = Debug|x64
		Release|Any CPU = Release|Any CPU
		Release|x64 = Release|x64
	EndGlobalSection
	GlobalSection(ProjectConfigurationPlatforms) = postSolution
		{D030B923-6C97-4736-AC2C-73C6F6F3639A}.Debug|Any CPU.ActiveCfg = Debug|x64
		{D030B923-6C97-4736-AC2C-73C6F6F3639A}.Debug|x64.ActiveCfg = Debug|x64
		{D030B923-6C97-4736-AC2C-73C6F6F3639A}.Debug|x64.Build.0 = Debug|x64
		{D030B923-6C97-4736-AC2C-73C6F6F3639A}.Release|Any CPU.ActiveCfg = Release|x64
		{D030B923-6C97-4736-AC2C-73C6F6F3639A}.Release|x64.ActiveCfg = Release|x64
		{D030B923-6C97-4736-AC2C-73C6F6F3639A}.Release|x64.Build.0 = Release|x64
		{72B5A283-6F39-4AE0-9349-32123D7BF2E2}.Debug|Any CPU.ActiveCfg = Debug|Any CPU
		{72B5A283-6F39-4AE0-9349-32123D7BF2E2}.Debug|Any CPU.Build.0 = Debug|Any CPU
		{72B5A283-6F39-4AE0-9349-32123D7BF2E2}.Debug|x64.ActiveCfg = Debug|Any CPU
		{72B5A283-6F39-4AE0-9349-32123D7BF2E2}.Debug|x64.Build.0 = Debug|Any CPU
		{72B5A283-6F39-4AE0-9349-32123D7BF2E2}.Release|Any CPU.ActiveCfg = Release|Any CPU
		{72B5A283-6F39-4AE0-9349-32123D7BF2E2}.Release|Any CPU.Build.0 = Release|Any CPU
		{72B5A283-6F39-4AE0-9349-32123D7BF2E2}.Release|x64.ActiveCfg = Release|Any CPU
		{72B5A283-6F39-4AE0-9349-32123D7BF2E2}.Release|x64.Build.0 = Release|Any CPU
		{F74C7303-9A64-42B8-8DC4-8E97CE111E26}.Debug|Any CPU.ActiveCfg = Debug|Any CPU
		{F74C7303-9A64-42B8-8DC4-8E97CE111E26}.Debug|Any CPU.Build.0 = Debug|Any CPU
		{F74C7303-9A64-42B8-8DC4-8E97CE111E26}.Debug|x64.ActiveCfg = Debug|Any CPU
		{F74C7303-9A64-42B8-8DC4-8E97CE111E26}.Debug|x64.Build.0 = Debug|Any CPU
		{F74C7303-9A64-42B8-8DC4-8E97CE111E26}.Release|Any CPU.ActiveCfg = Release|Any CPU
		{F74C7303-9A64-42B8-8DC4-8E97CE111E26}.Release|Any CPU.Build.0 = Release|Any CPU
		{F74C7303-9A64-42B8-8DC4-8E97CE111E26}.Release|x64.ActiveCfg = Release|Any CPU
		{F74C7303-9A64-42B8-8DC4-8E97CE111E26}.Release|x64.Build.0 = Release|Any CPU
	EndGlobalSection
	GlobalSection(SolutionProperties) = preSolution
		HideSolutionNode = FALSE
	EndGlobalSection
EndGlobal
